
Microsoft Visual Studio Solution File, Format Version 12.00
# Visual Studio Version 16
VisualStudioVersion = 16.0.30711.63
MinimumVisualStudioVersion = 10.0.40219.1
Project("{FAE04EC0-301F-11D3-BF4B-00C04F79EFBC}") = "Stack_CSharp", "Stack_CSharp\Stack_CSharp.csproj", "{EFA3F02A-8319-473F-B3AB-C054D3D9FE69}"
EndProject
Global
	GlobalSection(SolutionConfigurationPlatforms) = preSolution
		Debug|Any CPU = Debug|Any CPU
		Release|Any CPU = Release|Any CPU
	EndGlobalSection
	GlobalSection(ProjectConfigurationPlatforms) = postSolution
		{EFA3F02A-8319-473F-B3AB-C054D3D9FE69}.Debug|Any CPU.ActiveCfg = Debug|Any CPU
		{EFA3F02A-8319-473F-B3AB-C054D3D9FE69}.Debug|Any CPU.Build.0 = Debug|Any CPU
		{EFA3F02A-8319-473F-B3AB-C054D3D9FE69}.Release|Any CPU.ActiveCfg = Release|Any CPU
		{EFA3F02A-8319-473F-B3AB-C054D3D9FE69}.Release|Any CPU.Build.0 = Release|Any CPU
	EndGlobalSection
	GlobalSection(SolutionProperties) = preSolution
		HideSolutionNode = FALSE
	EndGlobalSection
	GlobalSection(ExtensibilityGlobals) = postSolution
		SolutionGuid = {43DB54EA-DD4E-4836-B2AE-6C32C04008C9}
	EndGlobalSection
EndGlobal
